<?xml version="1.0" encoding="utf-8"?>
<Project ToolsVersion="4.0" xmlns="http://schemas.microsoft.com/developer/msbuild/2003">
  <ItemGroup>
    <Filter Include="Header Files">
      <UniqueIdentifier>{93995380-89BD-4b04-88EB-625FBE52EBFB}</UniqueIdentifier>
      <Extensions>h;hh;hpp;hxx;h++;hm;inl;inc;ipp;xsd</Extensions>
    </Filter>
    <Filter Include="Header Files\Resources">
      <UniqueIdentifier>{805cba65-2041-4dc9-a257-0583794d9921}</UniqueIdentifier>
    </Filter>
    <Filter Include="Header Files\Include">
      <UniqueIdentifier>{5a4cb6a1-3d07-4468-af2e-86def8673f46}</UniqueIdentifier>
    </Filter>
  </ItemGroup>
  <ItemGroup>
    <ClInclude Include="helper.h">
      <Filter>Header Files</Filter>
    </ClInclude>
    <ClInclude Include="packets.h">
      <Filter>Header Files</Filter>
    </ClInclude>
    <ClInclude Include="romdownloader.h">
      <Filter>Header Files</Filter>
    </ClInclude>
    <ClInclude Include="serverbrowser.h">
      <Filter>Header Files</Filter>
    </ClInclude>
    <ClInclude Include="sha256.h">
      <Filter>Header Files</Filter>
    </ClInclude>
    <ClInclude Include="app.h">
      <Filter>Header Files</Filter>
    </ClInclude>
    <ClInclude Include="clientwindow.h">
      <Filter>Header Files</Filter>
    </ClInclude>
    <ClInclude Include="customview.h">
      <Filter>Header Files</Filter>
    </ClInclude>
    <ClInclude Include="Resources/resources.h">
      <Filter>Header Files</Filter>
    </ClInclude>
    <ClInclude Include="Resources/icon_program.h">
      <Filter>Header Files</Filter>
    </ClInclude>
    <ClInclude Include="Resources/icon_refresh.h">
      <Filter>Header Files</Filter>
    </ClInclude>
  </ItemGroup>
  <ItemGroup>
    <ClCompile Include="packets.cpp" />
    <ClCompile Include="romdownloader.cpp" />
    <ClCompile Include="serverbrowser.cpp" />
    <ClCompile Include="sha256.cpp" />
    <ClCompile Include="app.cpp" />
    <ClCompile Include="clientwindow.cpp" />
    <ClCompile Include="customview.cpp" />
    <ClCompile Include="helper.cpp" />
  </ItemGroup>
  <ItemGroup>
    <ResourceCompile Include="NetLibBrowser.rc" />
  </ItemGroup>
  <ItemGroup>
    <Image Include="Resources\icon_program.ico" />
  </ItemGroup>
</Project>